version: 2
info:
  resources:
    w: wood
    r: stone
    s: skin
    c: cotton
    o: ore
  layout_symbols:
    # blank cells
    '...': have w=3, h=2
    '___': have w=longest_city + 4, h=2
    'xxx': have w=3, h=5
    # connection cells
    '<->': Horizontal connection, w=3, h=5
    '<--': Left Hor. connection, w=3, h=5
    '-->': Right Hor. connection, w=3, h=5
    '---': Long Path, w=longest_city + 4, h=5
    'v^v': Vertical connection, 2=longest_city + 4, h=2
    '|^|': Up Ver. connection, w=longest_city + 4, h=2
    '|v|': Down Ver. connection, w=longest_city + 4, h=2
    '|__': Left-Down Corner, w=longest_city + 4, h=5
    '__|': Right-Down Corner, w=longest_city + 4, h=5
    '|--': Left-Up Corner, w=longest_city + 4, h=5
    '--|': Right-Up Corner, w=longest_city + 4, h=5
layout:
  - "WwM,<->,WlB,<->,BsF,<--,---,-->,RnS"
  - "v^v,...,v^v,...,___,...,___,...,v^v"
  - "BpM,<->,LdH,<->,EdH,<->,GtH,xxx,GrF"
  - "v^v,...,v^v,...,v^v,...,v^v,...,v^v"
  - "ClF,<->,Htr,<->,Mlk,<->,BtQ,<->,ArH"
  - "v^v,...,v^v,...,v^v,...,v^v,...,v^v"
  - "Slh,<->,BrK,<->,MsK,<->,HdT,<->,CkH"
  - "|^|,...,v^v,...,|^|,...,|^|,...,v^v"
  - "|__,-->,HlC,<--,__|,xxx,|__,-->,BlT"
cities:
  WwM: Wispwhisper Marsh, 5, Y, wsc
  WlB: Wanderlure Basin, 5, Y, wsc
  BsF: Bowscale Fell, 6, R, wro
  RnS: Runnel Sink, 7, R, wro

  BpM: Bonepool Marsh, 5, Y, wsc
  LdH: Lewsdon Hill, 5, Y, wro
  EdH: Eldon Hill, 5, Y, wro
  GtH: Gutras Hill, 5, Y, wro
  GrF: Garrow Fell, 6, R, wro

  ClF: Curlew Fen, 4, B, wsc
  Htr: Haytor, 4, B, wro
  Mlk: Martlock, 1, B, wro
  BtQ: Backthorn Quarry, 4, B, wro
  ArH: Adrens Hill, 5, Y, wro

  Slh: Slimehag, 3, B, wsc
  BrK: Brent Knoll, 3, B, wro
  MsK: Mase Knoll, 3, B, wro
  HdT: Heldon Tor, 4, B, wro
  CkH: Croker Hill, 5, Y, wro

  HlC: Highland Cross, 1, B, wrsco
  BlT: Bellever Tor, 4, B, wro
